{
  "requires": true,
  "lockfileVersion": 1,
  "dependencies": {
    "likely": {
      "version": "git+https://github.com/sbyrnes/likely.js.git#15077ae61b66eb6a61438cac8cb1dc9ec4edf558",
      "requires": {
        "sylvester": "0.0.21"
      }
    },
    "sylvester": {
      "version": "0.0.21",
      "resolved": "https://registry.npmjs.org/sylvester/-/sylvester-0.0.21.tgz",
      "integrity": "sha1-KYexzivS84sNzio0OIiEv6RADqc="
    }
  }
}
